version = 1
revision = 3
requires-python = "==3.10.*"

[[package]]
name = "choreographer"
version = "1.3.0"
source = { registry = "https://pypi.org/simple" }
dependencies = [
    { name = "logistro" },
    { name = "platformdirs" },
    { name = "simplejson" },
]
sdist = { url = "https://files.pythonhosted.org/packages/17/69/3058cd4f16d6b75c80e8f95e5b713d930526353ce294df9a7887453ba215/choreographer-1.3.0.tar.gz", hash = "sha256:6c44a0e48e9b37977344d40bfa5a9ed88575fe4bc0fd836771bf702bc24d6884", size = 48291, upload-time = "2026-04-28T22:57:45.114Z" }
wheels = [
    { url = "https://files.pythonhosted.org/packages/ba/6c/ff8bf52315064dbeb55cb5067e191120a5b2e58bb648d0d34cf7969dc2c2/choreographer-1.3.0-py3-none-any.whl", hash = "sha256:cea4cb739e4f61625e4b53888a8d3fa1d3bf73948b56753e460ab44da7d8d44f", size = 52622, upload-time = "2026-04-28T22:57:44.015Z" },
]

[[package]]
name = "colorama"
version = "0.4.6"
source = { registry = "https://pypi.org/simple" }
sdist = { url = "https://files.pythonhosted.org/packages/d8/53/6f443c9a4a8358a93a6792e2acffb9d9d5cb0a5cfd8802644b7b1c9a02e4/colorama-0.4.6.tar.gz", hash = "sha256:08695f5cb7ed6e0531a20572697297273c47b8cae5a63ffc6d6ed5c201be6e44", size = 27697, upload-time = "2022-10-25T02:36:22.414Z" }
wheels = [
    { url = "https://files.pythonhosted.org/packages/d1/d6/3965ed04c63042e047cb6a3e6ed1a63a35087b6a609aa3a15ed8ac56c221/colorama-0.4.6-py2.py3-none-any.whl", hash = "sha256:4f1d9991f5acc0ca119f9d443620b77f9d6b33703e51011c16baf57afb285fc6", size = 25335, upload-time = "2022-10-25T02:36:20.889Z" },
]

[[package]]
name = "cvxopt"
version = "1.3.3"
source = { registry = "https://pypi.org/simple" }
sdist = { url = "https://files.pythonhosted.org/packages/3f/b7/0e6ecb45c152029310a0cf7594e518f3591b363d4e06638526efc7872cb8/cvxopt-1.3.3.tar.gz", hash = "sha256:8059cef41f1f115c87bc9b75fec9f86db95e7f0afcf03a52d619ba433e443bcb", size = 8869103, upload-time = "2026-02-10T00:02:07.679Z" }
wheels = [
    { url = "https://files.pythonhosted.org/packages/03/44/7ea9b23a3186c8a7ee4b56f6f684c7c5488e1f011937ab3084966dbd0177/cvxopt-1.3.3-cp310-cp310-macosx_15_0_arm64.whl", hash = "sha256:55ac15de374e8fba0cd1ed7c6834ad701c727d3ecc8f4a3b41dca0a5ed76cca4", size = 4664082, upload-time = "2026-02-09T23:59:58.048Z" },
    { url = "https://files.pythonhosted.org/packages/34/de/2cfa3d740f2ba10c4af2f61edc0b9857670eebef29b5ba2ecf8d1d71657e/cvxopt-1.3.3-cp310-cp310-macosx_15_0_x86_64.whl", hash = "sha256:5b2046ea29345b9d4d0993dc0af92f462f7014d3f522259e860eed18e6b4d231", size = 6359044, upload-time = "2026-02-09T23:59:59.756Z" },
    { url = "https://files.pythonhosted.org/packages/13/5f/5df85622c41fe3f699703e3b1cbf51b94ceb59edc4050b4beb3bb8862bdc/cvxopt-1.3.3-cp310-cp310-macosx_26_0_x86_64.whl", hash = "sha256:20ccea5c3be4dc8347199ba9c36e715f3fdeda9a1ca34c8e23cce0d15daa38c2", size = 5943486, upload-time = "2026-02-10T00:00:01.637Z" },
    { url = "https://files.pythonhosted.org/packages/8b/75/dd2e9108c9fc5ff337d6403ff818c65745b240ccb59ee242f8aa97c7a571/cvxopt-1.3.3-cp310-cp310-manylinux_2_27_aarch64.manylinux_2_28_aarch64.whl", hash = "sha256:318a93c9489ab541672558a1521942874f79e23804c6ccc4347798d2c4a6fe37", size = 13853989, upload-time = "2026-02-10T00:00:04.232Z" },
    { url = "https://files.pythonhosted.org/packages/47/9b/749c94747ba95ef3d33dbfc1af84bde58c4d0cd58b2b93e19b1c539786a5/cvxopt-1.3.3-cp310-cp310-manylinux_2_27_x86_64.manylinux_2_28_x86_64.whl", hash = "sha256:00779705997128ffc102d2e62ec0be9ec82f76a774e1e525069eef74aa2ada96", size = 21279601, upload-time = "2026-02-10T00:00:06.834Z" },
    { url = "https://files.pythonhosted.org/packages/57/79/6157b986dde61dd2f8205fe548313886af8517c6647c1623d4b6867509d3/cvxopt-1.3.3-cp310-cp310-musllinux_1_2_aarch64.whl", hash = "sha256:1e424d2b8f2bc85e2aa56c2b00a0eb05899861a908bcc5de0296662f547601d9", size = 9949625, upload-time = "2026-02-10T00:00:09.431Z" },
    { url = "https://files.pythonhosted.org/packages/19/4e/7e39abcfa5cee265e663c8b7ca360ae698de66c4c57bff9dc901bd1aa526/cvxopt-1.3.3-cp310-cp310-musllinux_1_2_x86_64.whl", hash = "sha256:d3615a95c51db7e8b7f3025df77d973dd6197466585c43be119199867cf6ecd3", size = 16912521, upload-time = "2026-02-10T00:00:11.641Z" },
    { url = "https://files.pythonhosted.org/packages/a2/ab/3d8061c4c82576999f2fe8bdec536206e6bad1dfc9111107bd42c9a2659f/cvxopt-1.3.3-cp310-cp310-win_amd64.whl", hash = "sha256:960d9f3eb14e0e42fe356edd167c76fd410f27ba31bcd4c3fbceb79ecdf7b357", size = 13561100, upload-time = "2026-02-10T00:00:14.184Z" },
]

[[package]]
name = "cvxpy"
version = "1.2.2"
source = { registry = "https://pypi.org/simple" }
dependencies = [
    { name = "ecos" },
    { name = "numpy" },
    { name = "osqp" },
    { name = "scipy" },
    { name = "scs" },
]
sdist = { url = "https://files.pythonhosted.org/packages/ce/07/4605a91c53fb127d42f95f23a6b0701ba0c6a29f7957db69047b01879fc8/cvxpy-1.2.2.tar.gz", hash = "sha256:c8e91545585eb632ce030fbf2c301d573ec3cf7971f9a387a0f0a61a2feae6b8", size = 1287799, upload-time = "2022-11-04T22:22:45.1Z" }
wheels = [
    { url = "https://files.pythonhosted.org/packages/9d/00/24f8b5a549da2252c8f1e221a0117ad2dfb7299210602fb6c479cd079b76/cvxpy-1.2.2-cp310-cp310-macosx_10_9_universal2.whl", hash = "sha256:a0280e486f1eaa942a85ddbd4f660e69335a06d075381c202645679a98f9655e", size = 1109119, upload-time = "2022-11-04T22:12:49.573Z" },
    { url = "https://files.pythonhosted.org/packages/85/dd/a0d8058654a307b4837c96b565189eafcbfbfe9d658c96fbe53e3b83f856/cvxpy-1.2.2-cp310-cp310-macosx_10_9_x86_64.whl", hash = "sha256:1af7a07246e9d8518c819e18b46a888adfe514a809f5d1393b106118fcc2260e", size = 882127, upload-time = "2022-11-04T22:12:51.364Z" },
    { url = "https://files.pythonhosted.org/packages/36/a8/eb5e4426c2cb810125d6c9f41c4c52a1492ef0c796773cced5f95255f477/cvxpy-1.2.2-cp310-cp310-manylinux_2_24_x86_64.whl", hash = "sha256:9d051a0186063e7e71ada198fca1c304645a00881fac63ee482fc47eb241fc06", size = 2760704, upload-time = "2022-11-04T22:09:32.27Z" },
    { url = "https://files.pythonhosted.org/packages/b8/e4/1be40c6adbf737bf4699daf716c47e9fead811096ddea6a2edab18105140/cvxpy-1.2.2-cp310-cp310-win_amd64.whl", hash = "sha256:3029fbcd99a0dac4426f989c00db77c2c76389e6366dc1af82de0ed5658f1939", size = 834822, upload-time = "2022-11-04T22:10:03.272Z" },
]

[[package]]
name = "ecos"
version = "2.0.14"
source = { registry = "https://pypi.org/simple" }
dependencies = [
    { name = "numpy" },
    { name = "scipy" },
]
sdist = { url = "https://files.pythonhosted.org/packages/2e/5f/17716c533da95ed110815b159efa22b1064c8c41fd5c862f21aff7a7fec0/ecos-2.0.14.tar.gz", hash = "sha256:64b3201c0e0a7f0129050557c4ac50b00031e80a10534506dba1200c8dc1efe4", size = 142430, upload-time = "2024-06-18T03:48:34.809Z" }
wheels = [
    { url = "https://files.pythonhosted.org/packages/7c/25/80b44247ec5ad98ce8acec5b8b9cb73a43e4367cdc679769be109c1e2ae0/ecos-2.0.14-cp310-cp310-macosx_10_9_x86_64.whl", hash = "sha256:d16f8c97c42a18be77530b4d0090d8dd38105ae311518fc58a66c5c403d79672", size = 92599, upload-time = "2024-06-18T03:48:10.336Z" },
    { url = "https://files.pythonhosted.org/packages/aa/14/e6a1692aea5647cf29988a351b1a5effe53421504e8648a4a1f04721120a/ecos-2.0.14-cp310-cp310-manylinux_2_17_x86_64.manylinux2014_x86_64.whl", hash = "sha256:f9a977976ec618261456d6c9cd4ec7b7745607e448e78cd0c851190c6cc515ef", size = 218904, upload-time = "2024-06-18T03:47:45.407Z" },
    { url = "https://files.pythonhosted.org/packages/55/54/5424e7865d171b5ebd436fabdf66cdcf05bcfe5528ef5a45a02bca008dc9/ecos-2.0.14-cp310-cp310-win_amd64.whl", hash = "sha256:f2e8ab314609117f7e96bb83db7458f011ab0496c61078e146a8f5c8244e70b2", size = 72198, upload-time = "2024-06-18T03:48:51.212Z" },
]

[[package]]
name = "exceptiongroup"
version = "1.3.1"
source = { registry = "https://pypi.org/simple" }
dependencies = [
    { name = "typing-extensions" },
]
sdist = { url = "https://files.pythonhosted.org/packages/50/79/66800aadf48771f6b62f7eb014e352e5d06856655206165d775e675a02c9/exceptiongroup-1.3.1.tar.gz", hash = "sha256:8b412432c6055b0b7d14c310000ae93352ed6754f70fa8f7c34141f91c4e3219", size = 30371, upload-time = "2025-11-21T23:01:54.787Z" }
wheels = [
    { url = "https://files.pythonhosted.org/packages/8a/0e/97c33bf5009bdbac74fd2beace167cab3f978feb69cc36f1ef79360d6c4e/exceptiongroup-1.3.1-py3-none-any.whl", hash = "sha256:a7a39a3bd276781e98394987d3a5701d0c4edffb633bb7a5144577f82c773598", size = 16740, upload-time = "2025-11-21T23:01:53.443Z" },
]

[[package]]
name = "iniconfig"
version = "2.3.0"
source = { registry = "https://pypi.org/simple" }
sdist = { url = "https://files.pythonhosted.org/packages/72/34/14ca021ce8e5dfedc35312d08ba8bf51fdd999c576889fc2c24cb97f4f10/iniconfig-2.3.0.tar.gz", hash = "sha256:c76315c77db068650d49c5b56314774a7804df16fee4402c1f19d6d15d8c4730", size = 20503, upload-time = "2025-10-18T21:55:43.219Z" }
wheels = [
    { url = "https://files.pythonhosted.org/packages/cb/b1/3846dd7f199d53cb17f49cba7e651e9ce294d8497c8c150530ed11865bb8/iniconfig-2.3.0-py3-none-any.whl", hash = "sha256:f631c04d2c48c52b84d0d0549c99ff3859c98df65b3101406327ecc7d53fbf12", size = 7484, upload-time = "2025-10-18T21:55:41.639Z" },
]

[[package]]
name = "jinja2"
version = "3.1.6"
source = { registry = "https://pypi.org/simple" }
dependencies = [
    { name = "markupsafe" },
]
sdist = { url = "https://files.pythonhosted.org/packages/df/bf/f7da0350254c0ed7c72f3e33cef02e048281fec7ecec5f032d4aac52226b/jinja2-3.1.6.tar.gz", hash = "sha256:0137fb05990d35f1275a587e9aee6d56da821fc83491a0fb838183be43f66d6d", size = 245115, upload-time = "2025-03-05T20:05:02.478Z" }
wheels = [
    { url = "https://files.pythonhosted.org/packages/62/a1/3d680cbfd5f4b8f15abc1d571870c5fc3e594bb582bc3b64ea099db13e56/jinja2-3.1.6-py3-none-any.whl", hash = "sha256:85ece4451f492d0c13c5dd7c13a64681a86afae63a5f347908daf103ce6d2f67", size = 134899, upload-time = "2025-03-05T20:05:00.369Z" },
]

[[package]]
name = "joblib"
version = "1.5.3"
source = { registry = "https://pypi.org/simple" }
sdist = { url = "https://files.pythonhosted.org/packages/41/f2/d34e8b3a08a9cc79a50b2208a93dce981fe615b64d5a4d4abee421d898df/joblib-1.5.3.tar.gz", hash = "sha256:8561a3269e6801106863fd0d6d84bb737be9e7631e33aaed3fb9ce5953688da3", size = 331603, upload-time = "2025-12-15T08:41:46.427Z" }
wheels = [
    { url = "https://files.pythonhosted.org/packages/7b/91/984aca2ec129e2757d1e4e3c81c3fcda9d0f85b74670a094cc443d9ee949/joblib-1.5.3-py3-none-any.whl", hash = "sha256:5fc3c5039fc5ca8c0276333a188bbd59d6b7ab37fe6632daa76bc7f9ec18e713", size = 309071, upload-time = "2025-12-15T08:41:44.973Z" },
]

[[package]]
name = "kaleido"
version = "1.3.0"
source = { registry = "https://pypi.org/simple" }
dependencies = [
    { name = "choreographer" },
    { name = "logistro" },
    { name = "orjson" },
    { name = "packaging" },
]
sdist = { url = "https://files.pythonhosted.org/packages/e0/64/53eac73d31dbfc3310ee2e87bcac1ae7417427f0fbe3dd800eaf676db324/kaleido-1.3.0.tar.gz", hash = "sha256:5e0378a7475e98852773deeb6483dee91f8aa7b364dde7b5f2b3622cb468a3e6", size = 68938, upload-time = "2026-05-04T19:45:28.932Z" }
wheels = [
    { url = "https://files.pythonhosted.org/packages/9e/b9/a6d8bb7d228940f01885bd9f327ab7f9d366a9be775c4bf366bf9d9477ae/kaleido-1.3.0-py3-none-any.whl", hash = "sha256:52714dfd38e8f2a114831826200c40bb10d0ca0c11d4272f3f48ad499cd8f8ea", size = 55580, upload-time = "2026-05-04T19:45:27.483Z" },
]

[[package]]
name = "logistro"
version = "2.0.1"
source = { registry = "https://pypi.org/simple" }
sdist = { url = "https://files.pythonhosted.org/packages/08/90/bfd7a6fab22bdfafe48ed3c4831713cb77b4779d18ade5e248d5dbc0ca22/logistro-2.0.1.tar.gz", hash = "sha256:8446affc82bab2577eb02bfcbcae196ae03129287557287b6a070f70c1985047", size = 8398, upload-time = "2025-11-01T02:41:18.81Z" }
wheels = [
    { url = "https://files.pythonhosted.org/packages/54/20/6aa79ba3570bddd1bf7e951c6123f806751e58e8cce736bad77b2cf348d7/logistro-2.0.1-py3-none-any.whl", hash = "sha256:06ffa127b9fb4ac8b1972ae6b2a9d7fde57598bf5939cd708f43ec5bba2d31eb", size = 8555, upload-time = "2025-11-01T02:41:17.587Z" },
]

[[package]]
name = "markupsafe"
version = "3.0.3"
source = { registry = "https://pypi.org/simple" }
sdist = { url = "https://files.pythonhosted.org/packages/7e/99/7690b6d4034fffd95959cbe0c02de8deb3098cc577c67bb6a24fe5d7caa7/markupsafe-3.0.3.tar.gz", hash = "sha256:722695808f4b6457b320fdc131280796bdceb04ab50fe1795cd540799ebe1698", size = 80313, upload-time = "2025-09-27T18:37:40.426Z" }
wheels = [
    { url = "https://files.pythonhosted.org/packages/e8/4b/3541d44f3937ba468b75da9eebcae497dcf67adb65caa16760b0a6807ebb/markupsafe-3.0.3-cp310-cp310-macosx_10_9_x86_64.whl", hash = "sha256:2f981d352f04553a7171b8e44369f2af4055f888dfb147d55e42d29e29e74559", size = 11631, upload-time = "2025-09-27T18:36:05.558Z" },
    { url = "https://files.pythonhosted.org/packages/98/1b/fbd8eed11021cabd9226c37342fa6ca4e8a98d8188a8d9b66740494960e4/markupsafe-3.0.3-cp310-cp310-macosx_11_0_arm64.whl", hash = "sha256:e1c1493fb6e50ab01d20a22826e57520f1284df32f2d8601fdd90b6304601419", size = 12057, upload-time = "2025-09-27T18:36:07.165Z" },
    { url = "https://files.pythonhosted.org/packages/40/01/e560d658dc0bb8ab762670ece35281dec7b6c1b33f5fbc09ebb57a185519/markupsafe-3.0.3-cp310-cp310-manylinux2014_aarch64.manylinux_2_17_aarch64.manylinux_2_28_aarch64.whl", hash = "sha256:1ba88449deb3de88bd40044603fafffb7bc2b055d626a330323a9ed736661695", size = 22050, upload-time = "2025-09-27T18:36:08.005Z" },
    { url = "https://files.pythonhosted.org/packages/af/cd/ce6e848bbf2c32314c9b237839119c5a564a59725b53157c856e90937b7a/markupsafe-3.0.3-cp310-cp310-manylinux2014_x86_64.manylinux_2_17_x86_64.manylinux_2_28_x86_64.whl", hash = "sha256:f42d0984e947b8adf7dd6dde396e720934d12c506ce84eea8476409563607591", size = 20681, upload-time = "2025-09-27T18:36:08.881Z" },
    { url = "https://files.pythonhosted.org/packages/c9/2a/b5c12c809f1c3045c4d580b035a743d12fcde53cf685dbc44660826308da/markupsafe-3.0.3-cp310-cp310-manylinux_2_31_riscv64.manylinux_2_39_riscv64.whl", hash = "sha256:c0c0b3ade1c0b13b936d7970b1d37a57acde9199dc2aecc4c336773e1d86049c", size = 20705, upload-time = "2025-09-27T18:36:10.131Z" },
    { url = "https://files.pythonhosted.org/packages/cf/e3/9427a68c82728d0a88c50f890d0fc072a1484de2f3ac1ad0bfc1a7214fd5/markupsafe-3.0.3-cp310-cp310-musllinux_1_2_aarch64.whl", hash = "sha256:0303439a41979d9e74d18ff5e2dd8c43ed6c6001fd40e5bf2e43f7bd9bbc523f", size = 21524, upload-time = "2025-09-27T18:36:11.324Z" },
    { url = "https://files.pythonhosted.org/packages/bc/36/23578f29e9e582a4d0278e009b38081dbe363c5e7165113fad546918a232/markupsafe-3.0.3-cp310-cp310-musllinux_1_2_riscv64.whl", hash = "sha256:d2ee202e79d8ed691ceebae8e0486bd9a2cd4794cec4824e1c99b6f5009502f6", size = 20282, upload-time = "2025-09-27T18:36:12.573Z" },
    { url = "https://files.pythonhosted.org/packages/56/21/dca11354e756ebd03e036bd8ad58d6d7168c80ce1fe5e75218e4945cbab7/markupsafe-3.0.3-cp310-cp310-musllinux_1_2_x86_64.whl", hash = "sha256:177b5253b2834fe3678cb4a5f0059808258584c559193998be2601324fdeafb1", size = 20745, upload-time = "2025-09-27T18:36:13.504Z" },
    { url = "https://files.pythonhosted.org/packages/87/99/faba9369a7ad6e4d10b6a5fbf71fa2a188fe4a593b15f0963b73859a1bbd/markupsafe-3.0.3-cp310-cp310-win32.whl", hash = "sha256:2a15a08b17dd94c53a1da0438822d70ebcd13f8c3a95abe3a9ef9f11a94830aa", size = 14571, upload-time = "2025-09-27T18:36:14.779Z" },
    { url = "https://files.pythonhosted.org/packages/d6/25/55dc3ab959917602c96985cb1253efaa4ff42f71194bddeb61eb7278b8be/markupsafe-3.0.3-cp310-cp310-win_amd64.whl", hash = "sha256:c4ffb7ebf07cfe8931028e3e4c85f0357459a3f9f9490886198848f4fa002ec8", size = 15056, upload-time = "2025-09-27T18:36:16.125Z" },
    { url = "https://files.pythonhosted.org/packages/d0/9e/0a02226640c255d1da0b8d12e24ac2aa6734da68bff14c05dd53b94a0fc3/markupsafe-3.0.3-cp310-cp310-win_arm64.whl", hash = "sha256:e2103a929dfa2fcaf9bb4e7c091983a49c9ac3b19c9061b6d5427dd7d14d81a1", size = 13932, upload-time = "2025-09-27T18:36:17.311Z" },
]

[[package]]
name = "narwhals"
version = "2.24.0"
source = { registry = "https://pypi.org/simple" }
sdist = { url = "https://files.pythonhosted.org/packages/2b/1d/58946e5aab18393e793bd4add6985b95d0e01c3a2d832f38f54468b10dcd/narwhals-2.24.0.tar.gz", hash = "sha256:b5c0f684ccd9d7475b564111e319a4964abcf2baf79d3cf6b1003d06ac9b828d", size = 661143, upload-time = "2026-07-13T10:49:19.086Z" }
wheels = [
    { url = "https://files.pythonhosted.org/packages/7e/85/a5bfaebfd305ac18b57b0854d74e37e586809061a91fda62f0bd50c8518e/narwhals-2.24.0-py3-none-any.whl", hash = "sha256:42fdedf44e5b2ca7505630d45b4ac3058f38d8485cba9fe1652ca23152df7489", size = 461030, upload-time = "2026-07-13T10:49:17.571Z" },
]

[[package]]
name = "numpy"
version = "1.24.4"
source = { registry = "https://pypi.org/simple" }
sdist = { url = "https://files.pythonhosted.org/packages/a4/9b/027bec52c633f6556dba6b722d9a0befb40498b9ceddd29cbe67a45a127c/numpy-1.24.4.tar.gz", hash = "sha256:80f5e3a4e498641401868df4208b74581206afbee7cf7b8329daae82676d9463", size = 10911229, upload-time = "2023-06-26T13:39:33.218Z" }
wheels = [
    { url = "https://files.pythonhosted.org/packages/6b/80/6cdfb3e275d95155a34659163b83c09e3a3ff9f1456880bec6cc63d71083/numpy-1.24.4-cp310-cp310-macosx_10_9_x86_64.whl", hash = "sha256:c0bfb52d2169d58c1cdb8cc1f16989101639b34c7d3ce60ed70b19c63eba0b64", size = 19789140, upload-time = "2023-06-26T13:22:33.184Z" },
    { url = "https://files.pythonhosted.org/packages/64/5f/3f01d753e2175cfade1013eea08db99ba1ee4bdb147ebcf3623b75d12aa7/numpy-1.24.4-cp310-cp310-macosx_11_0_arm64.whl", hash = "sha256:ed094d4f0c177b1b8e7aa9cba7d6ceed51c0e569a5318ac0ca9a090680a6a1b1", size = 13854297, upload-time = "2023-06-26T13:22:59.541Z" },
    { url = "https://files.pythonhosted.org/packages/5a/b3/2f9c21d799fa07053ffa151faccdceeb69beec5a010576b8991f614021f7/numpy-1.24.4-cp310-cp310-manylinux_2_17_aarch64.manylinux2014_aarch64.whl", hash = "sha256:79fc682a374c4a8ed08b331bef9c5f582585d1048fa6d80bc6c35bc384eee9b4", size = 13995611, upload-time = "2023-06-26T13:23:22.167Z" },
    { url = "https://files.pythonhosted.org/packages/10/be/ae5bf4737cb79ba437879915791f6f26d92583c738d7d960ad94e5c36adf/numpy-1.24.4-cp310-cp310-manylinux_2_17_x86_64.manylinux2014_x86_64.whl", hash = "sha256:7ffe43c74893dbf38c2b0a1f5428760a1a9c98285553c89e12d70a96a7f3a4d6", size = 17282357, upload-time = "2023-06-26T13:23:51.446Z" },
    { url = "https://files.pythonhosted.org/packages/c0/64/908c1087be6285f40e4b3e79454552a701664a079321cff519d8c7051d06/numpy-1.24.4-cp310-cp310-win32.whl", hash = "sha256:4c21decb6ea94057331e111a5bed9a79d335658c27ce2adb580fb4d54f2ad9bc", size = 12429222, upload-time = "2023-06-26T13:24:13.849Z" },
    { url = "https://files.pythonhosted.org/packages/22/55/3d5a7c1142e0d9329ad27cece17933b0e2ab4e54ddc5c1861fbfeb3f7693/numpy-1.24.4-cp310-cp310-win_amd64.whl", hash = "sha256:b4bea75e47d9586d31e892a7401f76e909712a0fd510f58f5337bea9572c571e", size = 14841514, upload-time = "2023-06-26T13:24:38.129Z" },
]

[[package]]
name = "orjson"
version = "3.11.9"
source = { registry = "https://pypi.org/simple" }
sdist = { url = "https://files.pythonhosted.org/packages/7e/0c/964746fcafbd16f8ff53219ad9f6b412b34f345c75f384ad434ceaadb538/orjson-3.11.9.tar.gz", hash = "sha256:4fef17e1f8722c11587a6ef18e35902450221da0028e65dbaaa543619e68e48f", size = 5599163, upload-time = "2026-05-06T15:11:08.309Z" }
wheels = [
    { url = "https://files.pythonhosted.org/packages/10/5d/b95ca542a001135cc250a49370f282f578c8f4e46cc8617d73775297eea8/orjson-3.11.9-cp310-cp310-macosx_10_15_x86_64.macosx_11_0_arm64.macosx_10_15_universal2.whl", hash = "sha256:135869ef917b8704ea0a94e01620e0c05021c15c52036e4663baffe75e72f8ce", size = 228986, upload-time = "2026-05-06T15:09:14.765Z" },
    { url = "https://files.pythonhosted.org/packages/80/01/be33fbff646e22f93398429ea645f20d2097aea1a6cdc1e6628e70125f83/orjson-3.11.9-cp310-cp310-manylinux_2_17_aarch64.manylinux2014_aarch64.whl", hash = "sha256:115ab5f5f4a0f203cc2a5f0fb09aee503a3f771aa08392949ab5ca230c4fbdbd", size = 132558, upload-time = "2026-05-06T15:09:17.431Z" },
    { url = "https://files.pythonhosted.org/packages/4e/61/73d49333bba660a075daccca10970dc6409ce1cf42ae4046646a19468aad/orjson-3.11.9-cp310-cp310-manylinux_2_17_armv7l.manylinux2014_armv7l.whl", hash = "sha256:4da3c38a2083ca4aaf9c2a36776cce3e9328e6647b10d118948f3cfb4913ffe4", size = 128213, upload-time = "2026-05-06T15:09:18.719Z" },
    { url = "https://files.pythonhosted.org/packages/1f/7d/30e844b3dac3f74aed66b1f984daf9db3c98c0328c03d965a9e8dc06449e/orjson-3.11.9-cp310-cp310-manylinux_2_17_i686.manylinux2014_i686.whl", hash = "sha256:53b50b0e14084b8f7e29c5ce84c5af0f1160169b30d8a6914231d97d2fe297d4", size = 135430, upload-time = "2026-05-06T15:09:20.257Z" },
    { url = "https://files.pythonhosted.org/packages/16/64/bd815f5c610b3facc204f26ba94e87a9eb49b0d83de3d5fc1eee2402d91b/orjson-3.11.9-cp310-cp310-manylinux_2_17_ppc64le.manylinux2014_ppc64le.whl", hash = "sha256:231742b4a11dad8d5380a435962c57e91b7c37b79be858f4ef1c0df1a259897e", size = 146178, upload-time = "2026-05-06T15:09:21.616Z" },
    { url = "https://files.pythonhosted.org/packages/c7/35/e744fd36c79b339d27beb06068b5a08a8882ef5418804d0ce545a31f718d/orjson-3.11.9-cp310-cp310-manylinux_2_17_s390x.manylinux2014_s390x.whl", hash = "sha256:34fd2317602587321faab75ab76c623a0117e80841a6413654f04e47f339a8fb", size = 133068, upload-time = "2026-05-06T15:09:23.228Z" },
    { url = "https://files.pythonhosted.org/packages/2a/56/d54152b67b63a0b3e556cfc549d6ce84f74d7f425ddeadc6c8a74d913da7/orjson-3.11.9-cp310-cp310-manylinux_2_17_x86_64.manylinux2014_x86_64.whl", hash = "sha256:71f3db16e69b667b132e0f305a833d5497da302d801508cbb051ed9a9819da47", size = 134217, upload-time = "2026-05-06T15:09:24.847Z" },
    { url = "https://files.pythonhosted.org/packages/0b/ee/66154baf69f71c7164a268a5e888908aec5a0819d13c81d5e2755a257758/orjson-3.11.9-cp310-cp310-musllinux_1_2_aarch64.whl", hash = "sha256:0b34789fa0da61cf7bef0546b09c738fb195331e017e477096d129e9105ab03d", size = 141917, upload-time = "2026-05-06T15:09:26.647Z" },
    { url = "https://files.pythonhosted.org/packages/09/d3/c5824260ca8b9d7ba82648d042a3f8f4815d18c15bb98a1f30edd1bb2d83/orjson-3.11.9-cp310-cp310-musllinux_1_2_armv7l.whl", hash = "sha256:87e4d4ab280b0c87424d47695bec2182caf8cfc17879ea78dab76680194abc13", size = 415356, upload-time = "2026-05-06T15:09:28.252Z" },
    { url = "https://files.pythonhosted.org/packages/64/cb/509c2e816fe4df641d93dc92f6a89adc8df3ada8ebdee2bd44aba3264c3c/orjson-3.11.9-cp310-cp310-musllinux_1_2_i686.whl", hash = "sha256:ace6c58523302d3b97b6ac5c38a5298a54b473762b6be82726b4265c41029f92", size = 148112, upload-time = "2026-05-06T15:09:29.783Z" },
    { url = "https://files.pythonhosted.org/packages/db/b5/3ceae56d2e4962979eedb023ba6a46a4bb65f333960379be0ca470686220/orjson-3.11.9-cp310-cp310-musllinux_1_2_x86_64.whl", hash = "sha256:97d0d932803c1b164fde11cb542a9efcb1e0f63b184537cca65887147906ff48", size = 137112, upload-time = "2026-05-06T15:09:31.432Z" },
    { url = "https://files.pythonhosted.org/packages/d7/7a/81fa3f2c7bef79b04cf2ab7838e5ac74b1f12511ceab979759b0275d6bb4/orjson-3.11.9-cp310-cp310-win32.whl", hash = "sha256:b3afcf569c15577a9fe64627292daa3e6b3a70f4fb77a5df246a87ec21681b94", size = 131706, upload-time = "2026-05-06T15:09:32.707Z" },
    { url = "https://files.pythonhosted.org/packages/ae/d8/b64600f9083c7f151ad39717a5877fccbeb0ef6d7efcb55f971ce00b6bee/orjson-3.11.9-cp310-cp310-win_amd64.whl", hash = "sha256:8697ab6a080a5c46edaad50e2bc5bd8c7ca5c66442d24104fa44ec74910a8244", size = 127282, upload-time = "2026-05-06T15:09:33.955Z" },
]

[[package]]
name = "osqp"
version = "1.1.3"
source = { registry = "https://pypi.org/simple" }
dependencies = [
    { name = "jinja2" },
    { name = "joblib" },
    { name = "numpy" },
    { name = "scipy" },
    { name = "setuptools" },
]
sdist = { url = "https://files.pythonhosted.org/packages/b0/7f/b441062e4766851fdf1d066857134c4c3bcf7e0089e4a1d007b6114cecd5/osqp-1.1.3.tar.gz", hash = "sha256:48f53ef5ec89e6ce99ffa955bc6ea0cf2eec09ea3d40905f0c9fadc939609907", size = 57816, upload-time = "2026-06-12T16:59:27.208Z" }
wheels = [
    { url = "https://files.pythonhosted.org/packages/6f/7f/e3134032e1d6e6f13f6fa19b41a8f74b76655aac1794e64ab6b8ed5f0f5d/osqp-1.1.3-cp310-cp310-macosx_10_9_x86_64.whl", hash = "sha256:0f30aee462d990a29ae9718e6b967db0c6527e0570b3d92db6b46fc6632d0c16", size = 325027, upload-time = "2026-06-12T16:58:37.023Z" },
    { url = "https://files.pythonhosted.org/packages/09/3d/653d1680d5c86b0893729ab4a60491681f21002afd3fb6900cfc5e11ad40/osqp-1.1.3-cp310-cp310-macosx_11_0_arm64.whl", hash = "sha256:7f4ca31c0aa1714580b91404b8dfefef1bf9f4f346b2fa16a455f4ea25f1b631", size = 307180, upload-time = "2026-06-12T16:58:38.679Z" },
    { url = "https://files.pythonhosted.org/packages/d6/5f/f9b795a7613cacecc76c2225da937d941887a00badf675d81ff62c16e9ad/osqp-1.1.3-cp310-cp310-manylinux_2_24_aarch64.manylinux_2_28_aarch64.whl", hash = "sha256:9f48db2468efe5deeaf6433645ea0cadc46c591a3c82301d38cbfe5c8a8599e0", size = 325733, upload-time = "2026-06-12T16:58:39.752Z" },
    { url = "https://files.pythonhosted.org/packages/77/e3/87b7ee18d834267729a245519c80fbc31c7bc74e43ef8f6075669155004c/osqp-1.1.3-cp310-cp310-manylinux_2_24_x86_64.manylinux_2_28_x86_64.whl", hash = "sha256:98e606622d677221d4c31f71804546a5ed561192e60753b434caa6c6a8828f56", size = 350046, upload-time = "2026-06-12T16:58:41.046Z" },
    { url = "https://files.pythonhosted.org/packages/91/35/c188d547c77af98f4d01210d3f250537979a0ef53ef34cb1adfbcc7229fb/osqp-1.1.3-cp310-cp310-win_amd64.whl", hash = "sha256:c2b79b59039f0659ce60282ffe41b6e6d58dbee61ab8cf5c25cad3b386e85bf8", size = 313869, upload-time = "2026-06-12T16:58:42.342Z" },
]

[[package]]
name = "packaging"
version = "26.2"
source = { registry = "https://pypi.org/simple" }
sdist = { url = "https://files.pythonhosted.org/packages/d7/f1/e7a6dd94a8d4a5626c03e4e99c87f241ba9e350cd9e6d75123f992427270/packaging-26.2.tar.gz", hash = "sha256:ff452ff5a3e828ce110190feff1178bb1f2ea2281fa2075aadb987c2fb221661", size = 228134, upload-time = "2026-04-24T20:15:23.917Z" }
wheels = [
    { url = "https://files.pythonhosted.org/packages/df/b2/87e62e8c3e2f4b32e5fe99e0b86d576da1312593b39f47d8ceef365e95ed/packaging-26.2-py3-none-any.whl", hash = "sha256:5fc45236b9446107ff2415ce77c807cee2862cb6fac22b8a73826d0693b0980e", size = 100195, upload-time = "2026-04-24T20:15:22.081Z" },
]

[[package]]
name = "pandas"
version = "2.3.3"
source = { registry = "https://pypi.org/simple" }
dependencies = [
    { name = "numpy" },
    { name = "python-dateutil" },
    { name = "pytz" },
    { name = "tzdata" },
]
sdist = { url = "https://files.pythonhosted.org/packages/33/01/d40b85317f86cf08d853a4f495195c73815fdf205eef3993821720274518/pandas-2.3.3.tar.gz", hash = "sha256:e05e1af93b977f7eafa636d043f9f94c7ee3ac81af99c13508215942e64c993b", size = 4495223, upload-time = "2025-09-29T23:34:51.853Z" }
wheels = [
    { url = "https://files.pythonhosted.org/packages/3d/f7/f425a00df4fcc22b292c6895c6831c0c8ae1d9fac1e024d16f98a9ce8749/pandas-2.3.3-cp310-cp310-macosx_10_9_x86_64.whl", hash = "sha256:376c6446ae31770764215a6c937f72d917f214b43560603cd60da6408f183b6c", size = 11555763, upload-time = "2025-09-29T23:16:53.287Z" },
    { url = "https://files.pythonhosted.org/packages/13/4f/66d99628ff8ce7857aca52fed8f0066ce209f96be2fede6cef9f84e8d04f/pandas-2.3.3-cp310-cp310-macosx_11_0_arm64.whl", hash = "sha256:e19d192383eab2f4ceb30b412b22ea30690c9e618f78870357ae1d682912015a", size = 10801217, upload-time = "2025-09-29T23:17:04.522Z" },
    { url = "https://files.pythonhosted.org/packages/1d/03/3fc4a529a7710f890a239cc496fc6d50ad4a0995657dccc1d64695adb9f4/pandas-2.3.3-cp310-cp310-manylinux_2_24_aarch64.manylinux_2_28_aarch64.whl", hash = "sha256:5caf26f64126b6c7aec964f74266f435afef1c1b13da3b0636c7518a1fa3e2b1", size = 12148791, upload-time = "2025-09-29T23:17:18.444Z" },
    { url = "https://files.pythonhosted.org/packages/40/a8/4dac1f8f8235e5d25b9955d02ff6f29396191d4e665d71122c3722ca83c5/pandas-2.3.3-cp310-cp310-manylinux_2_24_x86_64.manylinux_2_28_x86_64.whl", hash = "sha256:dd7478f1463441ae4ca7308a70e90b33470fa593429f9d4c578dd00d1fa78838", size = 12769373, upload-time = "2025-09-29T23:17:35.846Z" },
    { url = "https://files.pythonhosted.org/packages/df/91/82cc5169b6b25440a7fc0ef3a694582418d875c8e3ebf796a6d6470aa578/pandas-2.3.3-cp310-cp310-musllinux_1_2_aarch64.whl", hash = "sha256:4793891684806ae50d1288c9bae9330293ab4e083ccd1c5e383c34549c6e4250", size = 13200444, upload-time = "2025-09-29T23:17:49.341Z" },
    { url = "https://files.pythonhosted.org/packages/10/ae/89b3283800ab58f7af2952704078555fa60c807fff764395bb57ea0b0dbd/pandas-2.3.3-cp310-cp310-musllinux_1_2_x86_64.whl", hash = "sha256:28083c648d9a99a5dd035ec125d42439c6c1c525098c58af0fc38dd1a7a1b3d4", size = 13858459, upload-time = "2025-09-29T23:18:03.722Z" },
    { url = "https://files.pythonhosted.org/packages/85/72/530900610650f54a35a19476eca5104f38555afccda1aa11a92ee14cb21d/pandas-2.3.3-cp310-cp310-win_amd64.whl", hash = "sha256:503cf027cf9940d2ceaa1a93cfb5f8c8c7e6e90720a2850378f0b3f3b1e06826", size = 11346086, upload-time = "2025-09-29T23:18:18.505Z" },
]

[[package]]
name = "platformdirs"
version = "4.10.0"
source = { registry = "https://pypi.org/simple" }
sdist = { url = "https://files.pythonhosted.org/packages/d7/47/e4501f49c178ae1d9f4a75073fda4204f52647993f075a9db4d14930e0c5/platformdirs-4.10.0.tar.gz", hash = "sha256:31e761a6a0ca04faf7353ea759bdba55652be214725111e5aac52dfa29d4bef7", size = 31224, upload-time = "2026-05-28T03:32:53.587Z" }
wheels = [
    { url = "https://files.pythonhosted.org/packages/81/e6/cd9575ac904136b3cbf7aa7ee819ef86eedb7274e46f230e94ea4342e729/platformdirs-4.10.0-py3-none-any.whl", hash = "sha256:fb516cdb12eb0d857d0cd85a7c57cea4d060bee4578d6cf5a14dfdf8cbf8784a", size = 22743, upload-time = "2026-05-28T03:32:52.175Z" },
]

[[package]]
name = "plotly"
version = "6.9.0"
source = { registry = "https://pypi.org/simple" }
dependencies = [
    { name = "narwhals" },
    { name = "packaging" },
]
sdist = { url = "https://files.pythonhosted.org/packages/96/07/795c79dbce40c39bece88e69d049babbd23ffa95b5d117f248db8ea03abb/plotly-6.9.0.tar.gz", hash = "sha256:967ad33e8c704fed051800d11d985eb206a9c795c14206b30a6f463ed9c67d0d", size = 6919903, upload-time = "2026-07-09T14:55:59.982Z" }
wheels = [
    { url = "https://files.pythonhosted.org/packages/24/18/d8544811ab076f876c4892b3714f5b0dad335e1dc33aef826df431b8325d/plotly-6.9.0-py3-none-any.whl", hash = "sha256:36bebe2f1bb13884774fe61689c329071446f6ce4a8927fb1f0d6fb24f581236", size = 9909646, upload-time = "2026-07-09T14:55:55.421Z" },
]

[[package]]
name = "pluggy"
version = "1.6.0"
source = { registry = "https://pypi.org/simple" }
sdist = { url = "https://files.pythonhosted.org/packages/f9/e2/3e91f31a7d2b083fe6ef3fa267035b518369d9511ffab804f839851d2779/pluggy-1.6.0.tar.gz", hash = "sha256:7dcc130b76258d33b90f61b658791dede3486c3e6bfb003ee5c9bfb396dd22f3", size = 69412, upload-time = "2025-05-15T12:30:07.975Z" }
wheels = [
    { url = "https://files.pythonhosted.org/packages/54/20/4d324d65cc6d9205fabedc306948156824eb9f0ee1633355a8f7ec5c66bf/pluggy-1.6.0-py3-none-any.whl", hash = "sha256:e920276dd6813095e9377c0bc5566d94c932c33b27a3e3945d8389c374dd4746", size = 20538, upload-time = "2025-05-15T12:30:06.134Z" },
]

[[package]]
name = "pygments"
version = "2.20.0"
source = { registry = "https://pypi.org/simple" }
sdist = { url = "https://files.pythonhosted.org/packages/c3/b2/bc9c9196916376152d655522fdcebac55e66de6603a76a02bca1b6414f6c/pygments-2.20.0.tar.gz", hash = "sha256:6757cd03768053ff99f3039c1a36d6c0aa0b263438fcab17520b30a303a82b5f", size = 4955991, upload-time = "2026-03-29T13:29:33.898Z" }
wheels = [
    { url = "https://files.pythonhosted.org/packages/f4/7e/a72dd26f3b0f4f2bf1dd8923c85f7ceb43172af56d63c7383eb62b332364/pygments-2.20.0-py3-none-any.whl", hash = "sha256:81a9e26dd42fd28a23a2d169d86d7ac03b46e2f8b59ed4698fb4785f946d0176", size = 1231151, upload-time = "2026-03-29T13:29:30.038Z" },
]

[[package]]
name = "pytest"
version = "9.1.1"
source = { registry = "https://pypi.org/simple" }
dependencies = [
    { name = "colorama", marker = "sys_platform == 'win32'" },
    { name = "exceptiongroup" },
    { name = "iniconfig" },
    { name = "packaging" },
    { name = "pluggy" },
    { name = "pygments" },
    { name = "tomli" },
]
sdist = { url = "https://files.pythonhosted.org/packages/e4/47/b9efed96c114afcfa3c9d3fe98a76a1d14c74a9e266d397cf6eb64be5e01/pytest-9.1.1.tar.gz", hash = "sha256:1088fbde8f2b49d95a549a195707afa7a76a3ce9bcadc26b6d71f0ffda5fe313", size = 1636369, upload-time = "2026-06-19T10:58:32.857Z" }
wheels = [
    { url = "https://files.pythonhosted.org/packages/24/25/1de2678b631f5a49215c6c96fff41ba892b0a34df68d6d80292b1b48aa7f/pytest-9.1.1-py3-none-any.whl", hash = "sha256:37a86b45efb9a47a61a36449063e8e18d0cab3161329fc099eb21783169c4f0c", size = 386536, upload-time = "2026-06-19T10:58:31.347Z" },
]

[[package]]
name = "python-dateutil"
version = "2.9.0.post0"
source = { registry = "https://pypi.org/simple" }
dependencies = [
    { name = "six" },
]
sdist = { url = "https://files.pythonhosted.org/packages/66/c0/0c8b6ad9f17a802ee498c46e004a0eb49bc148f2fd230864601a86dcf6db/python-dateutil-2.9.0.post0.tar.gz", hash = "sha256:37dd54208da7e1cd875388217d5e00ebd4179249f90fb72437e91a35459a0ad3", size = 342432, upload-time = "2024-03-01T18:36:20.211Z" }
wheels = [
    { url = "https://files.pythonhosted.org/packages/ec/57/56b9bcc3c9c6a792fcbaf139543cee77261f3651ca9da0c93f5c1221264b/python_dateutil-2.9.0.post0-py2.py3-none-any.whl", hash = "sha256:a8b2bc7bffae282281c8140a97d3aa9c14da0b136dfe83f850eea9a5f7470427", size = 229892, upload-time = "2024-03-01T18:36:18.57Z" },
]

[[package]]
name = "pytz"
version = "2026.2"
source = { registry = "https://pypi.org/simple" }
sdist = { url = "https://files.pythonhosted.org/packages/ff/46/dd499ec9038423421951e4fad73051febaa13d2df82b4064f87af8b8c0c3/pytz-2026.2.tar.gz", hash = "sha256:0e60b47b29f21574376f218fe21abc009894a2321ea16c6754f3cad6eb7cdd6a", size = 320861, upload-time = "2026-05-04T01:35:29.667Z" }
wheels = [
    { url = "https://files.pythonhosted.org/packages/ec/dd/96da98f892250475bdf2328112d7468abdd4acc7b902b6af23f4ed958ea0/pytz-2026.2-py2.py3-none-any.whl", hash = "sha256:04156e608bee23d3792fd45c94ae47fae1036688e75032eea2e3bf0323d1f126", size = 510141, upload-time = "2026-05-04T01:35:27.408Z" },
]

[[package]]
name = "scipy"
version = "1.8.1"
source = { registry = "https://pypi.org/simple" }
dependencies = [
    { name = "numpy" },
]
sdist = { url = "https://files.pythonhosted.org/packages/26/b5/9330f004b9a3b2b6a31f59f46f1617ce9ca15c0e7fe64288c20385a05c9d/scipy-1.8.1.tar.gz", hash = "sha256:9e3fb1b0e896f14a85aa9a28d5f755daaeeb54c897b746df7a55ccb02b340f33", size = 38196215, upload-time = "2022-05-18T12:47:44.455Z" }
wheels = [
    { url = "https://files.pythonhosted.org/packages/7c/f3/47b882f8b7a4dbc38e8bc5d7befe3ad2da582ae2229745e1eac77217f3e4/scipy-1.8.1-cp310-cp310-macosx_10_9_x86_64.whl", hash = "sha256:65b77f20202599c51eb2771d11a6b899b97989159b7975e9b5259594f1d35ef4", size = 35035078, upload-time = "2022-05-18T12:26:12.835Z" },
    { url = "https://files.pythonhosted.org/packages/2e/46/6d56589815f106f8851e4636d838740aaf8f26bb5ec857b2f6c0780a33de/scipy-1.8.1-cp310-cp310-macosx_12_0_arm64.whl", hash = "sha256:e013aed00ed776d790be4cb32826adb72799c61e318676172495383ba4570aa4", size = 28673308, upload-time = "2022-05-18T12:26:55.927Z" },
    { url = "https://files.pythonhosted.org/packages/32/1b/774c35c1246fbb2ce379272d6e8ffc61f85f2a1afeb13855f9cc2ad0b8b9/scipy-1.8.1-cp310-cp310-macosx_12_0_universal2.macosx_10_9_x86_64.whl", hash = "sha256:02b567e722d62bddd4ac253dafb01ce7ed8742cf8031aea030a41414b86c1125", size = 55651742, upload-time = "2022-05-18T12:28:15.23Z" },
    { url = "https://files.pythonhosted.org/packages/1b/eb/1aa3502b192cfe513ffdb24b964ccb34b38e5343c980f34ee2ac1ed65e4b/scipy-1.8.1-cp310-cp310-manylinux_2_17_aarch64.manylinux2014_aarch64.whl", hash = "sha256:1da52b45ce1a24a4a22db6c157c38b39885a990a566748fc904ec9f03ed8c6ba", size = 38892632, upload-time = "2022-05-18T12:29:12.638Z" },
    { url = "https://files.pythonhosted.org/packages/bc/fe/72b611ba221c3367b06163992af4807515d6e0e09b3b9beee8ec22162d6f/scipy-1.8.1-cp310-cp310-manylinux_2_17_x86_64.manylinux2014_x86_64.whl", hash = "sha256:a0aa8220b89b2e3748a2836fbfa116194378910f1a6e78e4675a095bcd2c762d", size = 42180853, upload-time = "2022-05-18T12:30:13.946Z" },
    { url = "https://files.pythonhosted.org/packages/31/c2/0b8758ebaeb43e089eb56168390824a830f9f419ae07d755d99a46e5a937/scipy-1.8.1-cp310-cp310-win_amd64.whl", hash = "sha256:4e53a55f6a4f22de01ffe1d2f016e30adedb67a699a310cdcac312806807ca81", size = 36930750, upload-time = "2022-05-18T12:31:08.773Z" },
]

[[package]]
name = "scs"
version = "3.2.11"
source = { registry = "https://pypi.org/simple" }
dependencies = [
    { name = "numpy" },
    { name = "scipy" },
]
sdist = { url = "https://files.pythonhosted.org/packages/9e/59/5cb7f9612a5a3ff6efd4ab2d899902a536cc5974a7edb589084c5577291c/scs-3.2.11.tar.gz", hash = "sha256:2a5455cf2093d07f84f2f848c199faed52e79cdb3a11fe250b5622b6bbac4913", size = 1691825, upload-time = "2026-01-09T17:53:54.074Z" }
wheels = [
    { url = "https://files.pythonhosted.org/packages/97/8c/7f1741021153e66c8a1c9eaa6c197a8a86443f3f449cae5f997309f2fb85/scs-3.2.11-cp310-cp310-macosx_11_0_arm64.whl", hash = "sha256:928b2fd09d1f4446bd440037d8ca4fb70eb55e411c3259461646ba909ed098f7", size = 96299, upload-time = "2026-01-09T17:52:41.097Z" },
    { url = "https://files.pythonhosted.org/packages/82/60/6b3bfaa02126a0b69a787f5dc16e94471e0ae401bc27ac60054cfb3be714/scs-3.2.11-cp310-cp310-manylinux_2_27_aarch64.manylinux_2_28_aarch64.whl", hash = "sha256:ace8221013596173de6bdf199d4415f6532b38372e7b68ff22f688b7de2a72bf", size = 5071451, upload-time = "2026-01-09T17:52:42.629Z" },
    { url = "https://files.pythonhosted.org/packages/e0/a4/d9f6279fe2b6ca7bdcc3c99732904e842e2dc185e0c414510a6114b17458/scs-3.2.11-cp310-cp310-manylinux_2_27_x86_64.manylinux_2_28_x86_64.whl", hash = "sha256:d0a42a6df9308f7a7dc5e5f6c9cc08a4f556e139e39dc7d7fe1f1c6768d7ff9a", size = 12079925, upload-time = "2026-01-09T17:52:44.469Z" },
    { url = "https://files.pythonhosted.org/packages/d7/2e/f309cfc22f146e67ac456807eaba322a2a6e59c94bf7cc749b74adc9c90a/scs-3.2.11-cp310-cp310-musllinux_1_2_x86_64.whl", hash = "sha256:c839603fd99d719d27b63918e0eff9e6f1df594506c5fd0dd1529a0df0219243", size = 11973857, upload-time = "2026-01-09T17:52:46.426Z" },
    { url = "https://files.pythonhosted.org/packages/4d/34/7316e1a99c589aa1270717b43fb68d812af3802e7ec7c82922e822298bf8/scs-3.2.11-cp310-cp310-win_amd64.whl", hash = "sha256:8c56c9739da8d06c10a94f84c5715ff0731bb2efce695a83e07c116eb1c48dcf", size = 7478511, upload-time = "2026-01-09T17:52:49.683Z" },
]

[[package]]
name = "setuptools"
version = "83.0.0"
source = { registry = "https://pypi.org/simple" }
sdist = { url = "https://files.pythonhosted.org/packages/34/26/f5d29e25ffdb535afef2d35cdb55b325298f96debd670da4c325e08d70f4/setuptools-83.0.0.tar.gz", hash = "sha256:025bccbbf0fa05b6192bc64ae1e7b16e001fd6d6d4d5de03c97b1c1ade523bef", size = 1154254, upload-time = "2026-07-04T15:31:22.699Z" }
wheels = [
    { url = "https://files.pythonhosted.org/packages/5d/40/e1e72872c6354b306daef1703549e8e83b4d43cfea356311bf722a043752/setuptools-83.0.0-py3-none-any.whl", hash = "sha256:29b23c360f22f414dc7336bb39178cc7bcbf6021ed2733cde173f09dba19abb3", size = 1008090, upload-time = "2026-07-04T15:31:20.885Z" },
]

[[package]]
name = "simplejson"
version = "4.1.1"
source = { registry = "https://pypi.org/simple" }
sdist = { url = "https://files.pythonhosted.org/packages/0e/2a/54837395a3487c725669428d513293612a48d82b95a0642c936932e5d898/simplejson-4.1.1.tar.gz", hash = "sha256:c08eb9f7a90f77ae470e19a07472e9a79ebc0d1c2315d86a72767665bd5ba79f", size = 118860, upload-time = "2026-04-24T19:24:59.819Z" }
wheels = [
    { url = "https://files.pythonhosted.org/packages/47/da/3ba5e87e917094961e7b51b541c88f735f1ca37d580ac78a9302b468f64e/simplejson-4.1.1-cp310-cp310-macosx_10_9_universal2.whl", hash = "sha256:7f61eefab86235c800e7f4e37d977080ec424bb2bf0b74e95a2d17ecb48eac0a", size = 111675, upload-time = "2026-04-24T19:22:30.344Z" },
    { url = "https://files.pythonhosted.org/packages/fe/8a/d0c08f4b8934b64469a63d461a68a01d5cc32faf313400dda2bdc1075a29/simplejson-4.1.1-cp310-cp310-macosx_10_9_x86_64.whl", hash = "sha256:4484960512db9c8124bfa91e0d8a9f9c302338f1c5454e74c21d7d022df10f46", size = 90544, upload-time = "2026-04-24T19:22:32.095Z" },
    { url = "https://files.pythonhosted.org/packages/c2/2d/7832ed91cf4900f86c783d589bfac53358abfccb278f1c8b55eec167b395/simplejson-4.1.1-cp310-cp310-macosx_11_0_arm64.whl", hash = "sha256:b75c7ef874dbb350f41827cdf3cee23f5257bdcb0df46d4c01b34badb62dcfe8", size = 90895, upload-time = "2026-04-24T19:22:34.412Z" },
    { url = "https://files.pythonhosted.org/packages/1d/d6/a2a7a482fa43aaeaefc001491d381960f5e685ee4645343e0e037cebb57c/simplejson-4.1.1-cp310-cp310-manylinux1_x86_64.manylinux_2_28_x86_64.manylinux_2_5_x86_64.whl", hash = "sha256:c7494c75b95171194f965ea609e97081837a26494d91dcc046ad27dd9c3503e2", size = 168660, upload-time = "2026-04-24T19:22:35.717Z" },
    { url = "https://files.pythonhosted.org/packages/aa/06/7a6482f336338dbdb6ca6d3099b2fdc1c74c47eea3c6511975751e9198df/simplejson-4.1.1-cp310-cp310-manylinux2014_aarch64.manylinux_2_17_aarch64.manylinux_2_28_aarch64.whl", hash = "sha256:1778e09a6e4bb4ef304627915dc4a838569d9e6b737c787925b4e98244bbbc16", size = 167264, upload-time = "2026-04-24T19:22:37.415Z" },
    { url = "https://files.pythonhosted.org/packages/c9/43/039982e956b06c6b019d48bdf9d4ec06f298adf6136552ad1979b94be0fd/simplejson-4.1.1-cp310-cp310-manylinux2014_ppc64le.manylinux_2_17_ppc64le.manylinux_2_28_ppc64le.whl", hash = "sha256:67e43e7c0555e10de6d83e1408035652fad28c983516e38c4e3a9a748c9af129", size = 176909, upload-time = "2026-04-24T19:22:38.872Z" },
    { url = "https://files.pythonhosted.org/packages/f1/f5/e3ad592d089922abce2c2ea377548953ac55ffcbe061d600f01b9db2e6b6/simplejson-4.1.1-cp310-cp310-musllinux_1_2_aarch64.whl", hash = "sha256:93bf6653420258372444de90194dab8de8ff13d74b5d4263a5fefbbe8b8d2060", size = 165930, upload-time = "2026-04-24T19:22:40.575Z" },
    { url = "https://files.pythonhosted.org/packages/9f/b9/f830b648ae04601e6813306535d8e0a4c178d6453cec539b85dafdac80ed/simplejson-4.1.1-cp310-cp310-musllinux_1_2_ppc64le.whl", hash = "sha256:0662cfe0482c9796bd097213b27f006815bfdc9b671264c3c0b7fc0e72b71d00", size = 174710, upload-time = "2026-04-24T19:22:42.437Z" },
    { url = "https://files.pythonhosted.org/packages/4a/3e/82c8997c4ef2ef6c832fbfc3bb2ed14a212616a284100af03b552ea7e072/simplejson-4.1.1-cp310-cp310-musllinux_1_2_x86_64.whl", hash = "sha256:a9ab55d2459f6d0fdf9984a7a0fb0280dae12979f4fcc3171f5096a4fcf5fafe", size = 167685, upload-time = "2026-04-24T19:22:44.023Z" },
    { url = "https://files.pythonhosted.org/packages/4d/03/80e67a6c63fe812094c681917a5c5d403e34904d200570416863fe2e8328/simplejson-4.1.1-cp310-cp310-win32.whl", hash = "sha256:dfb84ace97acbdf1916c5a675387493fc5a7f67c2e15d4a7687143f8c73024d4", size = 88317, upload-time = "2026-04-24T19:22:45.547Z" },
    { url = "https://files.pythonhosted.org/packages/f4/05/d4fa2c024d566bddff732a2aa437faa4cbee15ee277e2a855faf91a9d906/simplejson-4.1.1-cp310-cp310-win_amd64.whl", hash = "sha256:8eb821ef27f688f59ed4a93b17a666a7ebacf8dd65fecaa2b3c531a3aea62eaf", size = 90461, upload-time = "2026-04-24T19:22:47.447Z" },
    { url = "https://files.pythonhosted.org/packages/ce/6a/8b74c52ffd33dbbde00fe7251fee6a0acdc8cea33f7a43805aed258fb79b/simplejson-4.1.1-py3-none-any.whl", hash = "sha256:2ce92b3748f02423e26d2bfb636fb9d7a8f67c8f5854dcae69d350d123b2eee2", size = 69195, upload-time = "2026-04-24T19:24:57.962Z" },
]

[[package]]
name = "six"
version = "1.17.0"
source = { registry = "https://pypi.org/simple" }
sdist = { url = "https://files.pythonhosted.org/packages/94/e7/b2c673351809dca68a0e064b6af791aa332cf192da575fd474ed7d6f16a2/six-1.17.0.tar.gz", hash = "sha256:ff70335d468e7eb6ec65b95b99d3a2836546063f63acc5171de367e834932a81", size = 34031, upload-time = "2024-12-04T17:35:28.174Z" }
wheels = [
    { url = "https://files.pythonhosted.org/packages/b7/ce/149a00dd41f10bc29e5921b496af8b574d8413afcd5e30dfa0ed46c2cc5e/six-1.17.0-py2.py3-none-any.whl", hash = "sha256:4721f391ed90541fddacab5acf947aa0d3dc7d27b2e1e8eda2be8970586c3274", size = 11050, upload-time = "2024-12-04T17:35:26.475Z" },
]

[[package]]
name = "solar-and-storage"
source = { editable = "." }
dependencies = [
    { name = "cvxopt" },
    { name = "cvxpy" },
    { name = "kaleido" },
    { name = "pandas" },
    { name = "plotly" },
    { name = "scipy" },
]

[package.dev-dependencies]
dev = [
    { name = "pytest" },
]

[package.metadata]
requires-dist = [
    { name = "cvxopt" },
    { name = "cvxpy", specifier = "==1.2.2" },
    { name = "kaleido" },
    { name = "pandas" },
    { name = "plotly" },
    { name = "scipy", specifier = "==1.8.1" },
]

[package.metadata.requires-dev]
dev = [{ name = "pytest", specifier = ">=8.0.0" }]

[[package]]
name = "tomli"
version = "2.4.1"
source = { registry = "https://pypi.org/simple" }
sdist = { url = "https://files.pythonhosted.org/packages/22/de/48c59722572767841493b26183a0d1cc411d54fd759c5607c4590b6563a6/tomli-2.4.1.tar.gz", hash = "sha256:7c7e1a961a0b2f2472c1ac5b69affa0ae1132c39adcb67aba98568702b9cc23f", size = 17543, upload-time = "2026-03-25T20:22:03.828Z" }
wheels = [
    { url = "https://files.pythonhosted.org/packages/7b/61/cceae43728b7de99d9b847560c262873a1f6c98202171fd5ed62640b494b/tomli-2.4.1-py3-none-any.whl", hash = "sha256:0d85819802132122da43cb86656f8d1f8c6587d54ae7dcaf30e90533028b49fe", size = 14583, upload-time = "2026-03-25T20:22:03.012Z" },
]

[[package]]
name = "typing-extensions"
version = "4.16.0"
source = { registry = "https://pypi.org/simple" }
sdist = { url = "https://files.pythonhosted.org/packages/f6/cc/6253133b5bb138fc3306cebfbda2c520f545d36b5be2c7255cc528bb45d6/typing_extensions-4.16.0.tar.gz", hash = "sha256:dc983d19a509c94dba722ee6abd33940f7c05a89e243c47e907eb4db6f1a43e5", size = 113555, upload-time = "2026-07-02T08:40:05.92Z" }
wheels = [
    { url = "https://files.pythonhosted.org/packages/49/d3/b8441a820a491ddfc024b0b0cf0393375b75ea13866d9c66727e54c2fc80/typing_extensions-4.16.0-py3-none-any.whl", hash = "sha256:481caa481374e813c1b176ada14e97f1f67a4539ce9cfeb3f350d78d6370c2e8", size = 45571, upload-time = "2026-07-02T08:40:04.659Z" },
]

[[package]]
name = "tzdata"
version = "2026.3"
source = { registry = "https://pypi.org/simple" }
sdist = { url = "https://files.pythonhosted.org/packages/92/ff/5a28bdfd8c3ebec42564ac7d0e54ca3db65044a9314a97f9564fa7a1e926/tzdata-2026.3.tar.gz", hash = "sha256:4a1518b8993086a7982523e071643f3c0e5f213e75b21318e78bcabfff9d1415", size = 198674, upload-time = "2026-07-10T08:50:37.887Z" }
wheels = [
    { url = "https://files.pythonhosted.org/packages/e5/6d/b53b99a9f2766d095985947a5782f1702cabb129a34f7a802d7197af832f/tzdata-2026.3-py2.py3-none-any.whl", hash = "sha256:dc096730c87af6cab1b171c9d532be840741ff5d459015e7f6947bd7d7e54931", size = 348168, upload-time = "2026-07-10T08:50:36.46Z" },
]
